# Generated by cx. Check this in.
cronyx = "0.0.1"

[[package]]
name = "alpha"
version = "0.1.0"
source = "path+../alpha"
dependencies = []

[[package]]
name = "beta"
version = "0.1.0"
source = "path+../beta"
dependencies = []

[[package]]
name = "same_unit_name"
version = "0.1.0"
source = "path+."
dependencies = ["alpha", "beta"]
